{
  "name": "client",
  "version": "0.1.0",
  "lockfileVersion": 1,
  "requires": true,
  "dependencies": {
    "@types/google-map-react": {
      "version": "0.23.4",
      "resolved": "https://registry.npmjs.org/@types/google-map-react/-/google-map-react-0.23.4.tgz",
      "integrity": "sha512-PRenO0Kafe4JL830Ifi2wHkvv7FcKS8r70mk/y/lX8uM8IkJe9lpN9hRJ173EwyxfHLFiinQ9ZVXze/OHNpFNg==",
      "dev": true,
      "requires": {
        "@types/react": "16.3.17"
      }
    },
    "@types/react": {
      "version": "16.3.17",
      "resolved": "https://registry.npmjs.org/@types/react/-/react-16.3.17.tgz",
      "integrity": "sha512-f2ZTOSF7l9sRdXSbzLI84Z2wsVnj3qUjfJhtDLSi7lTWFMo1WSou7eQ2vkQga8100zhzzDjSyGbj+Viz7i927g==",
      "dev": true,
      "requires": {
        "csstype": "2.5.3"
      }
    },
    "csstype": {
      "version": "2.5.3",
      "resolved": "https://registry.npmjs.org/csstype/-/csstype-2.5.3.tgz",
      "integrity": "sha512-G5HnoK8nOiAq3DXIEoY2n/8Vb7Lgrms+jGJl8E4EJpQEeVONEnPFJSl8IK505wPBoxxtrtHhrRm4WX2GgdqarA==",
      "dev": true
    }
  }
}
